dependencies:
  '@caglarturali/piyango-utils': 'link:../utils'
  moment: 2.24.0
devDependencies:
  '@types/node': 13.11.0
  typescript: 3.8.3
lockfileVersion: 5.1
packages:
  /@types/node/13.11.0:
    dev: true
    resolution:
      integrity: sha512-uM4mnmsIIPK/yeO+42F2RQhGUIs39K2RFmugcJANppXe6J1nvH87PvzPZYpza7Xhhs8Yn9yIAVdLZ84z61+0xQ==
  /moment/2.24.0:
    dev: false
    resolution:
      integrity: sha512-bV7f+6l2QigeBBZSM/6yTNq4P2fNpSWj/0e7jQcy87A8e7o2nAfP/34/2ky5Vw4B9S446EtIhodAzkFCcR4dQg==
  /typescript/3.8.3:
    dev: true
    engines:
      node: '>=4.2.0'
    hasBin: true
    resolution:
      integrity: sha512-MYlEfn5VrLNsgudQTVJeNaQFUAI7DkhnOjdpAp4T+ku1TfQClewlbSuTVHiA+8skNBgaf02TL/kLOvig4y3G8w==
specifiers:
  '@caglarturali/piyango-utils': ^0.2.0
  '@types/node': ^13.11.0
  moment: ^2.24.0
  typescript: ^3.8.3
